<?xml version="1.0" encoding="utf-8"?>
<Project ToolsVersion="4.0" xmlns="http://schemas.microsoft.com/developer/msbuild/2003">
  <ItemGroup>
    <Filter Include="Source Files">
      <UniqueIdentifier>{4FC737F1-C7A5-4376-A066-2A32D752A2FF}</UniqueIdentifier>
      <Extensions>cpp;c;cc;cxx;c++;cppm;ixx;def;odl;idl;hpj;bat;asm;asmx</Extensions>
    </Filter>
    <Filter Include="Header Files">
      <UniqueIdentifier>{93995380-89BD-4b04-88EB-625FBE52EBFB}</UniqueIdentifier>
      <Extensions>h;hh;hpp;hxx;h++;hm;inl;inc;ipp;xsd</Extensions>
    </Filter>
    <Filter Include="Resource Files">
      <UniqueIdentifier>{67DA6AB6-F800-4c08-8B7A-83BB121AAD01}</UniqueIdentifier>
      <Extensions>rc;ico;cur;bmp;dlg;rc2;rct;bin;rgs;gif;jpg;jpeg;jpe;resx;tiff;tif;png;wav;mfcribbon-ms</Extensions>
    </Filter>
  </ItemGroup>
  <ItemGroup>
    <ClInclude Include="bitmap.h">
      <Filter>Header Files</Filter>
    </ClInclude>
    <ClInclude Include="blue-dream.h">
      <Filter>Header Files</Filter>
    </ClInclude>
    <ClInclude Include="common.h">
      <Filter>Header Files</Filter>
    </ClInclude>
    <ClInclude Include="ecco-1-stage.h">
      <Filter>Header Files</Filter>
    </ClInclude>
    <ClInclude Include="ecco-2-stage.h">
      <Filter>Header Files</Filter>
    </ClInclude>
    <ClInclude Include="ecco-block.h">
      <Filter>Header Files</Filter>
    </ClInclude>
    <ClInclude Include="ecco-pc-stage.h">
      <Filter>Header Files</Filter>
    </ClInclude>
    <ClInclude Include="lstring.h">
      <Filter>Header Files</Filter>
    </ClInclude>
    <ClInclude Include="megadrive.h">
      <Filter>Header Files</Filter>
    </ClInclude>
    <ClInclude Include="plot.h">
      <Filter>Header Files</Filter>
    </ClInclude>
    <ClInclude Include="program.h">
      <Filter>Header Files</Filter>
    </ClInclude>
    <ClInclude Include="w_interface.h">
      <Filter>Header Files</Filter>
    </ClInclude>
    <ClInclude Include="blue-dream-00.h">
      <Filter>Header Files</Filter>
    </ClInclude>
  </ItemGroup>
  <ItemGroup>
    <ClCompile Include="bitmap.cpp">
      <Filter>Source Files</Filter>
    </ClCompile>
    <ClCompile Include="blue-dream.cpp">
      <Filter>Source Files</Filter>
    </ClCompile>
    <ClCompile Include="core.cpp">
      <Filter>Source Files</Filter>
    </ClCompile>
    <ClCompile Include="ecco-1-stage.cpp">
      <Filter>Source Files</Filter>
    </ClCompile>
    <ClCompile Include="ecco-2-stage.cpp">
      <Filter>Source Files</Filter>
    </ClCompile>
    <ClCompile Include="ecco-block.cpp">
      <Filter>Source Files</Filter>
    </ClCompile>
    <ClCompile Include="ecco-pc-stage.cpp">
      <Filter>Source Files</Filter>
    </ClCompile>
    <ClCompile Include="ecco-sprite-global.cpp">
      <Filter>Source Files</Filter>
    </ClCompile>
    <ClCompile Include="ecco-sprite-local.cpp">
      <Filter>Source Files</Filter>
    </ClCompile>
    <ClCompile Include="language.cpp">
      <Filter>Source Files</Filter>
    </ClCompile>
    <ClCompile Include="lstring.cpp">
      <Filter>Source Files</Filter>
    </ClCompile>
    <ClCompile Include="megadrive.cpp">
      <Filter>Source Files</Filter>
    </ClCompile>
    <ClCompile Include="plot.cpp">
      <Filter>Source Files</Filter>
    </ClCompile>
    <ClCompile Include="register.cpp">
      <Filter>Source Files</Filter>
    </ClCompile>
    <ClCompile Include="utilities.cpp">
      <Filter>Source Files</Filter>
    </ClCompile>
    <ClCompile Include="w_interface.cpp">
      <Filter>Source Files</Filter>
    </ClCompile>
    <ClCompile Include="zlm_format.cpp">
      <Filter>Source Files</Filter>
    </ClCompile>
  </ItemGroup>
</Project>